// !$*UTF8*$!
{
	archiveVersion = 1;
	classes = {
	};
	objectVersion = 56;
	objects = {

/* Begin PBXBuildFile section */
		87FF9F0B2AC8A7F100BF716A /* threadsApp.swift in Sources */ = {isa = PBXBuildFile; fileRef = 87FF9F0A2AC8A7F100BF716A /* threadsApp.swift */; };
		87FF9F0D2AC8A7F100BF716A /* ContentView.swift in Sources */ = {isa = PBXBuildFile; fileRef = 87FF9F0C2AC8A7F100BF716A /* ContentView.swift */; };
		87FF9F0F2AC8A7F200BF716A /* Assets.xcassets in Resources */ = {isa = PBXBuildFile; fileRef = 87FF9F0E2AC8A7F200BF716A /* Assets.xcassets */; };
		87FF9F122AC8A7F200BF716A /* Preview Assets.xcassets in Resources */ = {isa = PBXBuildFile; fileRef = 87FF9F112AC8A7F200BF716A /* Preview Assets.xcassets */; };
		87FF9F232AC8A9A100BF716A /* LoginView.swift in Sources */ = {isa = PBXBuildFile; fileRef = 87FF9F222AC8A9A100BF716A /* LoginView.swift */; };
		87FF9F252AC8B44200BF716A /* RegistrationView.swift in Sources */ = {isa = PBXBuildFile; fileRef = 87FF9F242AC8B44100BF716A /* RegistrationView.swift */; };
		87FF9F272AC8B86100BF716A /* ThreadsTextFieldModifier.swift in Sources */ = {isa = PBXBuildFile; fileRef = 87FF9F262AC8B86100BF716A /* ThreadsTextFieldModifier.swift */; };
		87FF9F292AC8B9B200BF716A /* ThreadsButtonModifier.swift in Sources */ = {isa = PBXBuildFile; fileRef = 87FF9F282AC8B9B200BF716A /* ThreadsButtonModifier.swift */; };
		87FF9F2E2AC8BC1600BF716A /* TabBarView.swift in Sources */ = {isa = PBXBuildFile; fileRef = 87FF9F2D2AC8BC1600BF716A /* TabBarView.swift */; };
		87FF9F322AC8C21600BF716A /* FeedView.swift in Sources */ = {isa = PBXBuildFile; fileRef = 87FF9F312AC8C21600BF716A /* FeedView.swift */; };
		87FF9F362AC8C29100BF716A /* ExploreView.swift in Sources */ = {isa = PBXBuildFile; fileRef = 87FF9F352AC8C29100BF716A /* ExploreView.swift */; };
		87FF9F3A2AC8C2BE00BF716A /* CreateThreadView.swift in Sources */ = {isa = PBXBuildFile; fileRef = 87FF9F392AC8C2BE00BF716A /* CreateThreadView.swift */; };
		87FF9F3E2AC8C2CD00BF716A /* ActivityView.swift in Sources */ = {isa = PBXBuildFile; fileRef = 87FF9F3D2AC8C2CD00BF716A /* ActivityView.swift */; };
		87FF9F422AC8C2DA00BF716A /* ProfileView.swift in Sources */ = {isa = PBXBuildFile; fileRef = 87FF9F412AC8C2DA00BF716A /* ProfileView.swift */; };
/* End PBXBuildFile section */

/* Begin PBXFileReference section */
		87FF9F072AC8A7F100BF716A /* threads.app */ = {isa = PBXFileReference; explicitFileType = wrapper.application; includeInIndex = 0; path = threads.app; sourceTree = BUILT_PRODUCTS_DIR; };
		87FF9F0A2AC8A7F100BF716A /* threadsApp.swift */ = {isa = PBXFileReference; lastKnownFileType = sourcecode.swift; path = threadsApp.swift; sourceTree = "<group>"; };
		87FF9F0C2AC8A7F100BF716A /* ContentView.swift */ = {isa = PBXFileReference; lastKnownFileType = sourcecode.swift; path = ContentView.swift; sourceTree = "<group>"; };
		87FF9F0E2AC8A7F200BF716A /* Assets.xcassets */ = {isa = PBXFileReference; lastKnownFileType = folder.assetcatalog; path = Assets.xcassets; sourceTree = "<group>"; };
		87FF9F112AC8A7F200BF716A /* Preview Assets.xcassets */ = {isa = PBXFileReference; lastKnownFileType = folder.assetcatalog; path = "Preview Assets.xcassets"; sourceTree = "<group>"; };
		87FF9F222AC8A9A100BF716A /* LoginView.swift */ = {isa = PBXFileReference; lastKnownFileType = sourcecode.swift; path = LoginView.swift; sourceTree = SOURCE_ROOT; };
		87FF9F242AC8B44100BF716A /* RegistrationView.swift */ = {isa = PBXFileReference; lastKnownFileType = sourcecode.swift; path = RegistrationView.swift; sourceTree = "<group>"; };
		87FF9F262AC8B86100BF716A /* ThreadsTextFieldModifier.swift */ = {isa = PBXFileReference; lastKnownFileType = sourcecode.swift; path = ThreadsTextFieldModifier.swift; sourceTree = "<group>"; };
		87FF9F282AC8B9B200BF716A /* ThreadsButtonModifier.swift */ = {isa = PBXFileReference; lastKnownFileType = sourcecode.swift; path = ThreadsButtonModifier.swift; sourceTree = "<group>"; };
		87FF9F2D2AC8BC1600BF716A /* TabBarView.swift */ = {isa = PBXFileReference; lastKnownFileType = sourcecode.swift; path = TabBarView.swift; sourceTree = "<group>"; };
		87FF9F312AC8C21600BF716A /* FeedView.swift */ = {isa = PBXFileReference; lastKnownFileType = sourcecode.swift; path = FeedView.swift; sourceTree = "<group>"; };
		87FF9F352AC8C29100BF716A /* ExploreView.swift */ = {isa = PBXFileReference; lastKnownFileType = sourcecode.swift; path = ExploreView.swift; sourceTree = "<group>"; };
		87FF9F392AC8C2BE00BF716A /* CreateThreadView.swift */ = {isa = PBXFileReference; lastKnownFileType = sourcecode.swift; path = CreateThreadView.swift; sourceTree = "<group>"; };
		87FF9F3D2AC8C2CD00BF716A /* ActivityView.swift */ = {isa = PBXFileReference; lastKnownFileType = sourcecode.swift; path = ActivityView.swift; sourceTree = "<group>"; };
		87FF9F412AC8C2DA00BF716A /* ProfileView.swift */ = {isa = PBXFileReference; lastKnownFileType = sourcecode.swift; path = ProfileView.swift; sourceTree = "<group>"; };
/* End PBXFileReference section */

/* Begin PBXFrameworksBuildPhase section */
		87FF9F042AC8A7F100BF716A /* Frameworks */ = {
			isa = PBXFrameworksBuildPhase;
			buildActionMask = 2147483647;
			files = (
			);
			runOnlyForDeploymentPostprocessing = 0;
		};
/* End PBXFrameworksBuildPhase section */

/* Begin PBXGroup section */
		87FF9EFE2AC8A7F100BF716A = {
			isa = PBXGroup;
			children = (
				87FF9F092AC8A7F100BF716A /* threads */,
				87FF9F082AC8A7F100BF716A /* Products */,
			);
			sourceTree = "<group>";
		};
		87FF9F082AC8A7F100BF716A /* Products */ = {
			isa = PBXGroup;
			children = (
				87FF9F072AC8A7F100BF716A /* threads.app */,
			);
			name = Products;
			sourceTree = "<group>";
		};
		87FF9F092AC8A7F100BF716A /* threads */ = {
			isa = PBXGroup;
			children = (
				87FF9F182AC8A8EE00BF716A /* App */,
				87FF9F1E2AC8A93500BF716A /* Core */,
				87FF9F1D2AC8A92E00BF716A /* Extension */,
				87FF9F1C2AC8A92100BF716A /* Model */,
				87FF9F1B2AC8A91400BF716A /* Services */,
				87FF9F192AC8A8F900BF716A /* Utils */,
				87FF9F0E2AC8A7F200BF716A /* Assets.xcassets */,
				87FF9F102AC8A7F200BF716A /* Preview Content */,
			);
			path = threads;
			sourceTree = "<group>";
		};
		87FF9F102AC8A7F200BF716A /* Preview Content */ = {
			isa = PBXGroup;
			children = (
				87FF9F112AC8A7F200BF716A /* Preview Assets.xcassets */,
			);
			path = "Preview Content";
			sourceTree = "<group>";
		};
		87FF9F182AC8A8EE00BF716A /* App */ = {
			isa = PBXGroup;
			children = (
				87FF9F0A2AC8A7F100BF716A /* threadsApp.swift */,
			);
			path = App;
			sourceTree = "<group>";
		};
		87FF9F192AC8A8F900BF716A /* Utils */ = {
			isa = PBXGroup;
			children = (
				87FF9F262AC8B86100BF716A /* ThreadsTextFieldModifier.swift */,
				87FF9F282AC8B9B200BF716A /* ThreadsButtonModifier.swift */,
			);
			path = Utils;
			sourceTree = "<group>";
		};
		87FF9F1B2AC8A91400BF716A /* Services */ = {
			isa = PBXGroup;
			children = (
			);
			path = Services;
			sourceTree = "<group>";
		};
		87FF9F1C2AC8A92100BF716A /* Model */ = {
			isa = PBXGroup;
			children = (
			);
			path = Model;
			sourceTree = "<group>";
		};
		87FF9F1D2AC8A92E00BF716A /* Extension */ = {
			isa = PBXGroup;
			children = (
			);
			path = Extension;
			sourceTree = "<group>";
		};
		87FF9F1E2AC8A93500BF716A /* Core */ = {
			isa = PBXGroup;
			children = (
				87FF9F3B2AC8C2C200BF716A /* Activity */,
				87FF9F202AC8A96D00BF716A /* Authentication */,
				87FF9F372AC8C29600BF716A /* CreateThread */,
				87FF9F332AC8C27900BF716A /* Explore */,
				87FF9F2F2AC8C1F600BF716A /* Feed */,
				87FF9F3F2AC8C2D100BF716A /* Profile */,
				87FF9F1F2AC8A96A00BF716A /* Root */,
				87FF9F2C2AC8BBD000BF716A /* TabBar */,
			);
			path = Core;
			sourceTree = "<group>";
		};
		87FF9F1F2AC8A96A00BF716A /* Root */ = {
			isa = PBXGroup;
			children = (
				87FF9F0C2AC8A7F100BF716A /* ContentView.swift */,
			);
			path = Root;
			sourceTree = "<group>";
		};
		87FF9F202AC8A96D00BF716A /* Authentication */ = {
			isa = PBXGroup;
			children = (
				87FF9F212AC8A98C00BF716A /* Views */,
			);
			path = Authentication;
			sourceTree = "<group>";
		};
		87FF9F212AC8A98C00BF716A /* Views */ = {
			isa = PBXGroup;
			children = (
				87FF9F222AC8A9A100BF716A /* LoginView.swift */,
				87FF9F242AC8B44100BF716A /* RegistrationView.swift */,
			);
			path = Views;
			sourceTree = "<group>";
		};
		87FF9F2C2AC8BBD000BF716A /* TabBar */ = {
			isa = PBXGroup;
			children = (
				87FF9F2D2AC8BC1600BF716A /* TabBarView.swift */,
			);
			path = TabBar;
			sourceTree = "<group>";
		};
		87FF9F2F2AC8C1F600BF716A /* Feed */ = {
			isa = PBXGroup;
			children = (
				87FF9F302AC8C20300BF716A /* View */,
			);
			path = Feed;
			sourceTree = "<group>";
		};
		87FF9F302AC8C20300BF716A /* View */ = {
			isa = PBXGroup;
			children = (
				87FF9F312AC8C21600BF716A /* FeedView.swift */,
			);
			path = View;
			sourceTree = "<group>";
		};
		87FF9F332AC8C27900BF716A /* Explore */ = {
			isa = PBXGroup;
			children = (
				87FF9F342AC8C28500BF716A /* View */,
			);
			path = Explore;
			sourceTree = "<group>";
		};
		87FF9F342AC8C28500BF716A /* View */ = {
			isa = PBXGroup;
			children = (
				87FF9F352AC8C29100BF716A /* ExploreView.swift */,
			);
			path = View;
			sourceTree = "<group>";
		};
		87FF9F372AC8C29600BF716A /* CreateThread */ = {
			isa = PBXGroup;
			children = (
				87FF9F382AC8C29900BF716A /* View */,
			);
			path = CreateThread;
			sourceTree = "<group>";
		};
		87FF9F382AC8C29900BF716A /* View */ = {
			isa = PBXGroup;
			children = (
				87FF9F392AC8C2BE00BF716A /* CreateThreadView.swift */,
			);
			path = View;
			sourceTree = "<group>";
		};
		87FF9F3B2AC8C2C200BF716A /* Activity */ = {
			isa = PBXGroup;
			children = (
				87FF9F3C2AC8C2C600BF716A /* View */,
			);
			path = Activity;
			sourceTree = "<group>";
		};
		87FF9F3C2AC8C2C600BF716A /* View */ = {
			isa = PBXGroup;
			children = (
				87FF9F3D2AC8C2CD00BF716A /* ActivityView.swift */,
			);
			path = View;
			sourceTree = "<group>";
		};
		87FF9F3F2AC8C2D100BF716A /* Profile */ = {
			isa = PBXGroup;
			children = (
				87FF9F402AC8C2D400BF716A /* View */,
			);
			path = Profile;
			sourceTree = "<group>";
		};
		87FF9F402AC8C2D400BF716A /* View */ = {
			isa = PBXGroup;
			children = (
				87FF9F412AC8C2DA00BF716A /* ProfileView.swift */,
			);
			path = View;
			sourceTree = "<group>";
		};
/* End PBXGroup section */

/* Begin PBXNativeTarget section */
		87FF9F062AC8A7F100BF716A /* threads */ = {
			isa = PBXNativeTarget;
			buildConfigurationList = 87FF9F152AC8A7F200BF716A /* Build configuration list for PBXNativeTarget "threads" */;
			buildPhases = (
				87FF9F032AC8A7F100BF716A /* Sources */,
				87FF9F042AC8A7F100BF716A /* Frameworks */,
				87FF9F052AC8A7F100BF716A /* Resources */,
			);
			buildRules = (
			);
			dependencies = (
			);
			name = threads;
			productName = threads;
			productReference = 87FF9F072AC8A7F100BF716A /* threads.app */;
			productType = "com.apple.product-type.application";
		};
/* End PBXNativeTarget section */

/* Begin PBXProject section */
		87FF9EFF2AC8A7F100BF716A /* Project object */ = {
			isa = PBXProject;
			attributes = {
				BuildIndependentTargetsInParallel = 1;
				LastSwiftUpdateCheck = 1500;
				LastUpgradeCheck = 1500;
				TargetAttributes = {
					87FF9F062AC8A7F100BF716A = {
						CreatedOnToolsVersion = 15.0;
					};
				};
			};
			buildConfigurationList = 87FF9F022AC8A7F100BF716A /* Build configuration list for PBXProject "threads" */;
			compatibilityVersion = "Xcode 14.0";
			developmentRegion = en;
			hasScannedForEncodings = 0;
			knownRegions = (
				en,
				Base,
			);
			mainGroup = 87FF9EFE2AC8A7F100BF716A;
			productRefGroup = 87FF9F082AC8A7F100BF716A /* Products */;
			projectDirPath = "";
			projectRoot = "";
			targets = (
				87FF9F062AC8A7F100BF716A /* threads */,
			);
		};
/* End PBXProject section */

/* Begin PBXResourcesBuildPhase section */
		87FF9F052AC8A7F100BF716A /* Resources */ = {
			isa = PBXResourcesBuildPhase;
			buildActionMask = 2147483647;
			files = (
				87FF9F122AC8A7F200BF716A /* Preview Assets.xcassets in Resources */,
				87FF9F0F2AC8A7F200BF716A /* Assets.xcassets in Resources */,
			);
			runOnlyForDeploymentPostprocessing = 0;
		};
/* End PBXResourcesBuildPhase section */

/* Begin PBXSourcesBuildPhase section */
		87FF9F032AC8A7F100BF716A /* Sources */ = {
			isa = PBXSourcesBuildPhase;
			buildActionMask = 2147483647;
			files = (
				87FF9F3E2AC8C2CD00BF716A /* ActivityView.swift in Sources */,
				87FF9F3A2AC8C2BE00BF716A /* CreateThreadView.swift in Sources */,
				87FF9F322AC8C21600BF716A /* FeedView.swift in Sources */,
				87FF9F362AC8C29100BF716A /* ExploreView.swift in Sources */,
				87FF9F422AC8C2DA00BF716A /* ProfileView.swift in Sources */,
				87FF9F292AC8B9B200BF716A /* ThreadsButtonModifier.swift in Sources */,
				87FF9F232AC8A9A100BF716A /* LoginView.swift in Sources */,
				87FF9F0D2AC8A7F100BF716A /* ContentView.swift in Sources */,
				87FF9F272AC8B86100BF716A /* ThreadsTextFieldModifier.swift in Sources */,
				87FF9F2E2AC8BC1600BF716A /* TabBarView.swift in Sources */,
				87FF9F0B2AC8A7F100BF716A /* threadsApp.swift in Sources */,
				87FF9F252AC8B44200BF716A /* RegistrationView.swift in Sources */,
			);
			runOnlyForDeploymentPostprocessing = 0;
		};
/* End PBXSourcesBuildPhase section */

/* Begin XCBuildConfiguration section */
		87FF9F132AC8A7F200BF716A /* Debug */ = {
			isa = XCBuildConfiguration;
			buildSettings = {
				ALWAYS_SEARCH_USER_PATHS = NO;
				ASSETCATALOG_COMPILER_GENERATE_SWIFT_ASSET_SYMBOL_EXTENSIONS = YES;
				CLANG_ANALYZER_NONNULL = YES;
				CLANG_ANALYZER_NUMBER_OBJECT_CONVERSION = YES_AGGRESSIVE;
				CLANG_CXX_LANGUAGE_STANDARD = "gnu++20";
				CLANG_ENABLE_MODULES = YES;
				CLANG_ENABLE_OBJC_ARC = YES;
				CLANG_ENABLE_OBJC_WEAK = YES;
				CLANG_WARN_BLOCK_CAPTURE_AUTORELEASING = YES;
				CLANG_WARN_BOOL_CONVERSION = YES;
				CLANG_WARN_COMMA = YES;
				CLANG_WARN_CONSTANT_CONVERSION = YES;
				CLANG_WARN_DEPRECATED_OBJC_IMPLEMENTATIONS = YES;
				CLANG_WARN_DIRECT_OBJC_ISA_USAGE = YES_ERROR;
				CLANG_WARN_DOCUMENTATION_COMMENTS = YES;
				CLANG_WARN_EMPTY_BODY = YES;
				CLANG_WARN_ENUM_CONVERSION = YES;
				CLANG_WARN_INFINITE_RECURSION = YES;
				CLANG_WARN_INT_CONVERSION = YES;
				CLANG_WARN_NON_LITERAL_NULL_CONVERSION = YES;
				CLANG_WARN_OBJC_IMPLICIT_RETAIN_SELF = YES;
				CLANG_WARN_OBJC_LITERAL_CONVERSION = YES;
				CLANG_WARN_OBJC_ROOT_CLASS = YES_ERROR;
				CLANG_WARN_QUOTED_INCLUDE_IN_FRAMEWORK_HEADER = YES;
				CLANG_WARN_RANGE_LOOP_ANALYSIS = YES;
				CLANG_WARN_STRICT_PROTOTYPES = YES;
				CLANG_WARN_SUSPICIOUS_MOVE = YES;
				CLANG_WARN_UNGUARDED_AVAILABILITY = YES_AGGRESSIVE;
				CLANG_WARN_UNREACHABLE_CODE = YES;
				CLANG_WARN__DUPLICATE_METHOD_MATCH = YES;
				COPY_PHASE_STRIP = NO;
				DEBUG_INFORMATION_FORMAT = dwarf;
				ENABLE_STRICT_OBJC_MSGSEND = YES;
				ENABLE_TESTABILITY = YES;
				ENABLE_USER_SCRIPT_SANDBOXING = YES;
				GCC_C_LANGUAGE_STANDARD = gnu17;
				GCC_DYNAMIC_NO_PIC = NO;
				GCC_NO_COMMON_BLOCKS = YES;
				GCC_OPTIMIZATION_LEVEL = 0;
				GCC_PREPROCESSOR_DEFINITIONS = (
					"DEBUG=1",
					"$(inherited)",
				);
				GCC_WARN_64_TO_32_BIT_CONVERSION = YES;
				GCC_WARN_ABOUT_RETURN_TYPE = YES_ERROR;
				GCC_WARN_UNDECLARED_SELECTOR = YES;
				GCC_WARN_UNINITIALIZED_AUTOS = YES_AGGRESSIVE;
				GCC_WARN_UNUSED_FUNCTION = YES;
				GCC_WARN_UNUSED_VARIABLE = YES;
				IPHONEOS_DEPLOYMENT_TARGET = 17.0;
				LOCALIZATION_PREFERS_STRING_CATALOGS = YES;
				MTL_ENABLE_DEBUG_INFO = INCLUDE_SOURCE;
				MTL_FAST_MATH = YES;
				ONLY_ACTIVE_ARCH = YES;
				SDKROOT = iphoneos;
				SWIFT_ACTIVE_COMPILATION_CONDITIONS = "DEBUG $(inherited)";
				SWIFT_OPTIMIZATION_LEVEL = "-Onone";
			};
			name = Debug;
		};
		87FF9F142AC8A7F200BF716A /* Release */ = {
			isa = XCBuildConfiguration;
			buildSettings = {
				ALWAYS_SEARCH_USER_PATHS = NO;
				ASSETCATALOG_COMPILER_GENERATE_SWIFT_ASSET_SYMBOL_EXTENSIONS = YES;
				CLANG_ANALYZER_NONNULL = YES;
				CLANG_ANALYZER_NUMBER_OBJECT_CONVERSION = YES_AGGRESSIVE;
				CLANG_CXX_LANGUAGE_STANDARD = "gnu++20";
				CLANG_ENABLE_MODULES = YES;
				CLANG_ENABLE_OBJC_ARC = YES;
				CLANG_ENABLE_OBJC_WEAK = YES;
				CLANG_WARN_BLOCK_CAPTURE_AUTORELEASING = YES;
				CLANG_WARN_BOOL_CONVERSION = YES;
				CLANG_WARN_COMMA = YES;
				CLANG_WARN_CONSTANT_CONVERSION = YES;
				CLANG_WARN_DEPRECATED_OBJC_IMPLEMENTATIONS = YES;
				CLANG_WARN_DIRECT_OBJC_ISA_USAGE = YES_ERROR;
				CLANG_WARN_DOCUMENTATION_COMMENTS = YES;
				CLANG_WARN_EMPTY_BODY = YES;
				CLANG_WARN_ENUM_CONVERSION = YES;
				CLANG_WARN_INFINITE_RECURSION = YES;
				CLANG_WARN_INT_CONVERSION = YES;
				CLANG_WARN_NON_LITERAL_NULL_CONVERSION = YES;
				CLANG_WARN_OBJC_IMPLICIT_RETAIN_SELF = YES;
				CLANG_WARN_OBJC_LITERAL_CONVERSION = YES;
				CLANG_WARN_OBJC_ROOT_CLASS = YES_ERROR;
				CLANG_WARN_QUOTED_INCLUDE_IN_FRAMEWORK_HEADER = YES;
				CLANG_WARN_RANGE_LOOP_ANALYSIS = YES;
				CLANG_WARN_STRICT_PROTOTYPES = YES;
				CLANG_WARN_SUSPICIOUS_MOVE = YES;
				CLANG_WARN_UNGUARDED_AVAILABILITY = YES_AGGRESSIVE;
				CLANG_WARN_UNREACHABLE_CODE = YES;
				CLANG_WARN__DUPLICATE_METHOD_MATCH = YES;
				COPY_PHASE_STRIP = NO;
				DEBUG_INFORMATION_FORMAT = "dwarf-with-dsym";
				ENABLE_NS_ASSERTIONS = NO;
				ENABLE_STRICT_OBJC_MSGSEND = YES;
				ENABLE_USER_SCRIPT_SANDBOXING = YES;
				GCC_C_LANGUAGE_STANDARD = gnu17;
				GCC_NO_COMMON_BLOCKS = YES;
				GCC_WARN_64_TO_32_BIT_CONVERSION = YES;
				GCC_WARN_ABOUT_RETURN_TYPE = YES_ERROR;
				GCC_WARN_UNDECLARED_SELECTOR = YES;
				GCC_WARN_UNINITIALIZED_AUTOS = YES_AGGRESSIVE;
				GCC_WARN_UNUSED_FUNCTION = YES;
				GCC_WARN_UNUSED_VARIABLE = YES;
				IPHONEOS_DEPLOYMENT_TARGET = 17.0;
				LOCALIZATION_PREFERS_STRING_CATALOGS = YES;
				MTL_ENABLE_DEBUG_INFO = NO;
				MTL_FAST_MATH = YES;
				SDKROOT = iphoneos;
				SWIFT_COMPILATION_MODE = wholemodule;
				VALIDATE_PRODUCT = YES;
			};
			name = Release;
		};
		87FF9F162AC8A7F200BF716A /* Debug */ = {
			isa = XCBuildConfiguration;
			buildSettings = {
				ASSETCATALOG_COMPILER_APPICON_NAME = AppIcon;
				ASSETCATALOG_COMPILER_GLOBAL_ACCENT_COLOR_NAME = AccentColor;
				CODE_SIGN_STYLE = Automatic;
				CURRENT_PROJECT_VERSION = 1;
				DEVELOPMENT_ASSET_PATHS = "\"threads/Preview Content\"";
				ENABLE_PREVIEWS = YES;
				GENERATE_INFOPLIST_FILE = YES;
				INFOPLIST_KEY_UIApplicationSceneManifest_Generation = YES;
				INFOPLIST_KEY_UIApplicationSupportsIndirectInputEvents = YES;
				INFOPLIST_KEY_UILaunchScreen_Generation = YES;
				INFOPLIST_KEY_UISupportedInterfaceOrientations_iPad = "UIInterfaceOrientationPortrait UIInterfaceOrientationPortraitUpsideDown UIInterfaceOrientationLandscapeLeft UIInterfaceOrientationLandscapeRight";
				INFOPLIST_KEY_UISupportedInterfaceOrientations_iPhone = "UIInterfaceOrientationPortrait UIInterfaceOrientationLandscapeLeft UIInterfaceOrientationLandscapeRight";
				LD_RUNPATH_SEARCH_PATHS = (
					"$(inherited)",
					"@executable_path/Frameworks",
				);
				MARKETING_VERSION = 1.0;
				PRODUCT_BUNDLE_IDENTIFIER = com.debasismandal900.threads;
				PRODUCT_NAME = "$(TARGET_NAME)";
				SWIFT_EMIT_LOC_STRINGS = YES;
				SWIFT_VERSION = 5.0;
				TARGETED_DEVICE_FAMILY = "1,2";
			};
			name = Debug;
		};
		87FF9F172AC8A7F200BF716A /* Release */ = {
			isa = XCBuildConfiguration;
			buildSettings = {
				ASSETCATALOG_COMPILER_APPICON_NAME = AppIcon;
				ASSETCATALOG_COMPILER_GLOBAL_ACCENT_COLOR_NAME = AccentColor;
				CODE_SIGN_STYLE = Automatic;
				CURRENT_PROJECT_VERSION = 1;
				DEVELOPMENT_ASSET_PATHS = "\"threads/Preview Content\"";
				ENABLE_PREVIEWS = YES;
				GENERATE_INFOPLIST_FILE = YES;
				INFOPLIST_KEY_UIApplicationSceneManifest_Generation = YES;
				INFOPLIST_KEY_UIApplicationSupportsIndirectInputEvents = YES;
				INFOPLIST_KEY_UILaunchScreen_Generation = YES;
				INFOPLIST_KEY_UISupportedInterfaceOrientations_iPad = "UIInterfaceOrientationPortrait UIInterfaceOrientationPortraitUpsideDown UIInterfaceOrientationLandscapeLeft UIInterfaceOrientationLandscapeRight";
				INFOPLIST_KEY_UISupportedInterfaceOrientations_iPhone = "UIInterfaceOrientationPortrait UIInterfaceOrientationLandscapeLeft UIInterfaceOrientationLandscapeRight";
				LD_RUNPATH_SEARCH_PATHS = (
					"$(inherited)",
					"@executable_path/Frameworks",
				);
				MARKETING_VERSION = 1.0;
				PRODUCT_BUNDLE_IDENTIFIER = com.debasismandal900.threads;
				PRODUCT_NAME = "$(TARGET_NAME)";
				SWIFT_EMIT_LOC_STRINGS = YES;
				SWIFT_VERSION = 5.0;
				TARGETED_DEVICE_FAMILY = "1,2";
			};
			name = Release;
		};
/* End XCBuildConfiguration section */

/* Begin XCConfigurationList section */
		87FF9F022AC8A7F100BF716A /* Build configuration list for PBXProject "threads" */ = {
			isa = XCConfigurationList;
			buildConfigurations = (
				87FF9F132AC8A7F200BF716A /* Debug */,
				87FF9F142AC8A7F200BF716A /* Release */,
			);
			defaultConfigurationIsVisible = 0;
			defaultConfigurationName = Release;
		};
		87FF9F152AC8A7F200BF716A /* Build configuration list for PBXNativeTarget "threads" */ = {
			isa = XCConfigurationList;
			buildConfigurations = (
				87FF9F162AC8A7F200BF716A /* Debug */,
				87FF9F172AC8A7F200BF716A /* Release */,
			);
			defaultConfigurationIsVisible = 0;
			defaultConfigurationName = Release;
		};
/* End XCConfigurationList section */
	};
	rootObject = 87FF9EFF2AC8A7F100BF716A /* Project object */;
}
